lockfileVersion: 5.4

specifiers:
  '@trpc/client': ^10.37.1
  '@trpc/server': 10.37.1
  '@types/node': ^18.16.16
  undici: ^5.14.0

dependencies:
  '@trpc/client': 10.37.1_@trpc+server@10.37.1
  '@trpc/server': 10.37.1
  undici: 5.23.0

devDependencies:
  '@types/node': 18.17.3

packages:

  /@trpc/client/10.37.1_@trpc+server@10.37.1:
    resolution: {integrity: sha512-OSblNfeI0Z9ERn3usgLV2x63CwwPoNOHf1FQK85cOT7F8MNaWyEHoEv7tHUwNGJwyzKXmpU+ockZ0movzX3D0g==}
    peerDependencies:
      '@trpc/server': 10.37.1
    dependencies:
      '@trpc/server': 10.37.1
    dev: false

  /@trpc/server/10.37.1:
    resolution: {integrity: sha512-r3VeA319/braYMBIzj+XLgLKQ9lJSVglvPvP9HUv4kr5w6Y5grQMxMcExhTiZWltE9bnSJHKtBBzHafOo7KC8A==}
    dev: false

  /@types/node/18.17.3:
    resolution: {integrity: sha512-2x8HWtFk0S99zqVQABU9wTpr8wPoaDHZUcAkoTKH+nL7kPv3WUI9cRi/Kk5Mz4xdqXSqTkKP7IWNoQQYCnDsTA==}
    dev: true

  /busboy/1.6.0:
    resolution: {integrity: sha512-8SFQbg/0hQ9xy3UNTB0YEnsNBbWfhf7RtnzpL7TkBiTBRfrQ9Fxcnz7VJsleJpyp6rVLvXiuORqjlHi5q+PYuA==}
    engines: {node: '>=10.16.0'}
    dependencies:
      streamsearch: 1.1.0
    dev: false

  /streamsearch/1.1.0:
    resolution: {integrity: sha512-Mcc5wHehp9aXz1ax6bZUyY5afg9u2rv5cqQI3mRrYkGC8rW2hM02jWuwjtL++LS5qinSyhj2QfLyNsuc+VsExg==}
    engines: {node: '>=10.0.0'}
    dev: false

  /undici/5.23.0:
    resolution: {integrity: sha512-1D7w+fvRsqlQ9GscLBwcAJinqcZGHUKjbOmXdlE/v8BvEGXjeWAax+341q44EuTcHXXnfyKNbKRq4Lg7OzhMmg==}
    engines: {node: '>=14.0'}
    dependencies:
      busboy: 1.6.0
    dev: false
